
Microsoft Visual Studio Solution File, Format Version 12.00
# Visual Studio Version 17
VisualStudioVersion = 17.4.33110.190
MinimumVisualStudioVersion = 10.0.40219.1
Project("{FAE04EC0-301F-11D3-BF4B-00C04F79EFBC}") = "SystemUnderTest", "SystemUnderTest\SystemUnderTest.csproj", "{BF8DAE17-F6C8-4BA0-ACBD-70E48D09FDCC}"
EndProject
Global
	GlobalSection(SolutionConfigurationPlatforms) = preSolution
		Debug|Any CPU = Debug|Any CPU
		Release|Any CPU = Release|Any CPU
	EndGlobalSection
	GlobalSection(ProjectConfigurationPlatforms) = postSolution
		{BF8DAE17-F6C8-4BA0-ACBD-70E48D09FDCC}.Debug|Any CPU.ActiveCfg = Debug|Any CPU
		{BF8DAE17-F6C8-4BA0-ACBD-70E48D09FDCC}.Debug|Any CPU.Build.0 = Debug|Any CPU
		{BF8DAE17-F6C8-4BA0-ACBD-70E48D09FDCC}.Release|Any CPU.ActiveCfg = Release|Any CPU
		{BF8DAE17-F6C8-4BA0-ACBD-70E48D09FDCC}.Release|Any CPU.Build.0 = Release|Any CPU
	EndGlobalSection
	GlobalSection(SolutionProperties) = preSolution
		HideSolutionNode = FALSE
	EndGlobalSection
	GlobalSection(ExtensibilityGlobals) = postSolution
		SolutionGuid = {EB8F2D52-4855-47DF-9F05-06096B8E4BC9}
	EndGlobalSection
EndGlobal
